// !$*UTF8*$!
{
	archiveVersion = 1;
	classes = {
	};
	objectVersion = 50;
	objects = {

/* Begin PBXBuildFile section */
		4D50A64420D1B71B0099505C /* Oregon Outback.GPX in Resources */ = {isa = PBXBuildFile; fileRef = 4D50A64320D1B71B0099505C /* Oregon Outback.GPX */; };
		4DDD39F820CCA7580031A048 /* AppDelegate.swift in Sources */ = {isa = PBXBuildFile; fileRef = 4DDD39F720CCA7580031A048 /* AppDelegate.swift */; };
		4DDD39FA20CCA7580031A048 /* ViewController.swift in Sources */ = {isa = PBXBuildFile; fileRef = 4DDD39F920CCA7580031A048 /* ViewController.swift */; };
		4DDD39FD20CCA7580031A048 /* Main.storyboard in Resources */ = {isa = PBXBuildFile; fileRef = 4DDD39FB20CCA7580031A048 /* Main.storyboard */; };
		4DDD3A0020CCA7580031A048 /* GPXParserPodTest.xcdatamodeld in Sources */ = {isa = PBXBuildFile; fileRef = 4DDD39FE20CCA7580031A048 /* GPXParserPodTest.xcdatamodeld */; };
		4DDD3A0220CCA7590031A048 /* Assets.xcassets in Resources */ = {isa = PBXBuildFile; fileRef = 4DDD3A0120CCA7590031A048 /* Assets.xcassets */; };
		4DDD3A0520CCA7590031A048 /* LaunchScreen.storyboard in Resources */ = {isa = PBXBuildFile; fileRef = 4DDD3A0320CCA7590031A048 /* LaunchScreen.storyboard */; };
		4DDD3A1020CCA7590031A048 /* GPXParserPodTestTests.swift in Sources */ = {isa = PBXBuildFile; fileRef = 4DDD3A0F20CCA7590031A048 /* GPXParserPodTestTests.swift */; };
		5C86B7E000A00D565B1FA7BB /* Pods_GPXParserPodTest.framework in Frameworks */ = {isa = PBXBuildFile; fileRef = 20CD0CC302507CFBB855189D /* Pods_GPXParserPodTest.framework */; };
/* End PBXBuildFile section */

/* Begin PBXContainerItemProxy section */
		4DDD3A0C20CCA7590031A048 /* PBXContainerItemProxy */ = {
			isa = PBXContainerItemProxy;
			containerPortal = 4DDD39EC20CCA7580031A048 /* Project object */;
			proxyType = 1;
			remoteGlobalIDString = 4DDD39F320CCA7580031A048;
			remoteInfo = GPXParserPodTest;
		};
/* End PBXContainerItemProxy section */

/* Begin PBXFileReference section */
		20CD0CC302507CFBB855189D /* Pods_GPXParserPodTest.framework */ = {isa = PBXFileReference; explicitFileType = wrapper.framework; includeInIndex = 0; path = Pods_GPXParserPodTest.framework; sourceTree = BUILT_PRODUCTS_DIR; };
		4D50A64320D1B71B0099505C /* Oregon Outback.GPX */ = {isa = PBXFileReference; fileEncoding = 4; lastKnownFileType = text.xml; path = "Oregon Outback.GPX"; sourceTree = "<group>"; };
		4DDD39F420CCA7580031A048 /* GPXParserPodTest.app */ = {isa = PBXFileReference; explicitFileType = wrapper.application; includeInIndex = 0; path = GPXParserPodTest.app; sourceTree = BUILT_PRODUCTS_DIR; };
		4DDD39F720CCA7580031A048 /* AppDelegate.swift */ = {isa = PBXFileReference; lastKnownFileType = sourcecode.swift; path = AppDelegate.swift; sourceTree = "<group>"; };
		4DDD39F920CCA7580031A048 /* ViewController.swift */ = {isa = PBXFileReference; lastKnownFileType = sourcecode.swift; path = ViewController.swift; sourceTree = "<group>"; };
		4DDD39FC20CCA7580031A048 /* Base */ = {isa = PBXFileReference; lastKnownFileType = file.storyboard; name = Base; path = Base.lproj/Main.storyboard; sourceTree = "<group>"; };
		4DDD39FF20CCA7580031A048 /* GPXParserPodTest.xcdatamodel */ = {isa = PBXFileReference; lastKnownFileType = wrapper.xcdatamodel; path = GPXParserPodTest.xcdatamodel; sourceTree = "<group>"; };
		4DDD3A0120CCA7590031A048 /* Assets.xcassets */ = {isa = PBXFileReference; lastKnownFileType = folder.assetcatalog; path = Assets.xcassets; sourceTree = "<group>"; };
		4DDD3A0420CCA7590031A048 /* Base */ = {isa = PBXFileReference; lastKnownFileType = file.storyboard; name = Base; path = Base.lproj/LaunchScreen.storyboard; sourceTree = "<group>"; };
		4DDD3A0620CCA7590031A048 /* Info.plist */ = {isa = PBXFileReference; lastKnownFileType = text.plist.xml; path = Info.plist; sourceTree = "<group>"; };
		4DDD3A0B20CCA7590031A048 /* GPXParserPodTestTests.xctest */ = {isa = PBXFileReference; explicitFileType = wrapper.cfbundle; includeInIndex = 0; path = GPXParserPodTestTests.xctest; sourceTree = BUILT_PRODUCTS_DIR; };
		4DDD3A0F20CCA7590031A048 /* GPXParserPodTestTests.swift */ = {isa = PBXFileReference; lastKnownFileType = sourcecode.swift; path = GPXParserPodTestTests.swift; sourceTree = "<group>"; };
		4DDD3A1120CCA7590031A048 /* Info.plist */ = {isa = PBXFileReference; lastKnownFileType = text.plist.xml; path = Info.plist; sourceTree = "<group>"; };
		A0A20C6F01130AC685A2DE4E /* Pods-GPXParserPodTest.debug.xcconfig */ = {isa = PBXFileReference; includeInIndex = 1; lastKnownFileType = text.xcconfig; name = "Pods-GPXParserPodTest.debug.xcconfig"; path = "Pods/Target Support Files/Pods-GPXParserPodTest/Pods-GPXParserPodTest.debug.xcconfig"; sourceTree = "<group>"; };
		E431BFBA20E3A856FA08F550 /* Pods-GPXParserPodTest.release.xcconfig */ = {isa = PBXFileReference; includeInIndex = 1; lastKnownFileType = text.xcconfig; name = "Pods-GPXParserPodTest.release.xcconfig"; path = "Pods/Target Support Files/Pods-GPXParserPodTest/Pods-GPXParserPodTest.release.xcconfig"; sourceTree = "<group>"; };
/* End PBXFileReference section */

/* Begin PBXFrameworksBuildPhase section */
		4DDD39F120CCA7580031A048 /* Frameworks */ = {
			isa = PBXFrameworksBuildPhase;
			buildActionMask = 2147483647;
			files = (
				5C86B7E000A00D565B1FA7BB /* Pods_GPXParserPodTest.framework in Frameworks */,
			);
			runOnlyForDeploymentPostprocessing = 0;
		};
		4DDD3A0820CCA7590031A048 /* Frameworks */ = {
			isa = PBXFrameworksBuildPhase;
			buildActionMask = 2147483647;
			files = (
			);
			runOnlyForDeploymentPostprocessing = 0;
		};
/* End PBXFrameworksBuildPhase section */

/* Begin PBXGroup section */
		4DDD39EB20CCA7580031A048 = {
			isa = PBXGroup;
			children = (
				4D50A64320D1B71B0099505C /* Oregon Outback.GPX */,
				4DDD39F620CCA7580031A048 /* GPXParserPodTest */,
				4DDD3A0E20CCA7590031A048 /* GPXParserPodTestTests */,
				4DDD39F520CCA7580031A048 /* Products */,
				7A2934DC20CA326B024256D3 /* Pods */,
				BCD45F2D502A1901B1A4F5FA /* Frameworks */,
			);
			sourceTree = "<group>";
		};
		4DDD39F520CCA7580031A048 /* Products */ = {
			isa = PBXGroup;
			children = (
				4DDD39F420CCA7580031A048 /* GPXParserPodTest.app */,
				4DDD3A0B20CCA7590031A048 /* GPXParserPodTestTests.xctest */,
			);
			name = Products;
			sourceTree = "<group>";
		};
		4DDD39F620CCA7580031A048 /* GPXParserPodTest */ = {
			isa = PBXGroup;
			children = (
				4DDD39F720CCA7580031A048 /* AppDelegate.swift */,
				4DDD39F920CCA7580031A048 /* ViewController.swift */,
				4DDD39FB20CCA7580031A048 /* Main.storyboard */,
				4DDD3A0120CCA7590031A048 /* Assets.xcassets */,
				4DDD3A0320CCA7590031A048 /* LaunchScreen.storyboard */,
				4DDD3A0620CCA7590031A048 /* Info.plist */,
				4DDD39FE20CCA7580031A048 /* GPXParserPodTest.xcdatamodeld */,
			);
			path = GPXParserPodTest;
			sourceTree = "<group>";
		};
		4DDD3A0E20CCA7590031A048 /* GPXParserPodTestTests */ = {
			isa = PBXGroup;
			children = (
				4DDD3A0F20CCA7590031A048 /* GPXParserPodTestTests.swift */,
				4DDD3A1120CCA7590031A048 /* Info.plist */,
			);
			path = GPXParserPodTestTests;
			sourceTree = "<group>";
		};
		7A2934DC20CA326B024256D3 /* Pods */ = {
			isa = PBXGroup;
			children = (
				A0A20C6F01130AC685A2DE4E /* Pods-GPXParserPodTest.debug.xcconfig */,
				E431BFBA20E3A856FA08F550 /* Pods-GPXParserPodTest.release.xcconfig */,
			);
			name = Pods;
			sourceTree = "<group>";
		};
		BCD45F2D502A1901B1A4F5FA /* Frameworks */ = {
			isa = PBXGroup;
			children = (
				20CD0CC302507CFBB855189D /* Pods_GPXParserPodTest.framework */,
			);
			name = Frameworks;
			sourceTree = "<group>";
		};
/* End PBXGroup section */

/* Begin PBXNativeTarget section */
		4DDD39F320CCA7580031A048 /* GPXParserPodTest */ = {
			isa = PBXNativeTarget;
			buildConfigurationList = 4DDD3A1420CCA7590031A048 /* Build configuration list for PBXNativeTarget "GPXParserPodTest" */;
			buildPhases = (
				1B5AC75BA2E01579B24A56E6 /* [CP] Check Pods Manifest.lock */,
				4DDD39F020CCA7580031A048 /* Sources */,
				4DDD39F120CCA7580031A048 /* Frameworks */,
				4DDD39F220CCA7580031A048 /* Resources */,
				2BEC3560D70624502CBC10BF /* [CP] Embed Pods Frameworks */,
			);
			buildRules = (
			);
			dependencies = (
			);
			name = GPXParserPodTest;
			productName = GPXParserPodTest;
			productReference = 4DDD39F420CCA7580031A048 /* GPXParserPodTest.app */;
			productType = "com.apple.product-type.application";
		};
		4DDD3A0A20CCA7590031A048 /* GPXParserPodTestTests */ = {
			isa = PBXNativeTarget;
			buildConfigurationList = 4DDD3A1720CCA7590031A048 /* Build configuration list for PBXNativeTarget "GPXParserPodTestTests" */;
			buildPhases = (
				4DDD3A0720CCA7590031A048 /* Sources */,
				4DDD3A0820CCA7590031A048 /* Frameworks */,
				4DDD3A0920CCA7590031A048 /* Resources */,
			);
			buildRules = (
			);
			dependencies = (
				4DDD3A0D20CCA7590031A048 /* PBXTargetDependency */,
			);
			name = GPXParserPodTestTests;
			productName = GPXParserPodTestTests;
			productReference = 4DDD3A0B20CCA7590031A048 /* GPXParserPodTestTests.xctest */;
			productType = "com.apple.product-type.bundle.unit-test";
		};
/* End PBXNativeTarget section */

/* Begin PBXProject section */
		4DDD39EC20CCA7580031A048 /* Project object */ = {
			isa = PBXProject;
			attributes = {
				LastSwiftUpdateCheck = 0940;
				LastUpgradeCheck = 0940;
				ORGANIZATIONNAME = "Inukshuk, LLC";
				TargetAttributes = {
					4DDD39F320CCA7580031A048 = {
						CreatedOnToolsVersion = 9.4;
					};
					4DDD3A0A20CCA7590031A048 = {
						CreatedOnToolsVersion = 9.4;
						TestTargetID = 4DDD39F320CCA7580031A048;
					};
				};
			};
			buildConfigurationList = 4DDD39EF20CCA7580031A048 /* Build configuration list for PBXProject "GPXParserPodTest" */;
			compatibilityVersion = "Xcode 9.3";
			developmentRegion = en;
			hasScannedForEncodings = 0;
			knownRegions = (
				en,
				Base,
			);
			mainGroup = 4DDD39EB20CCA7580031A048;
			productRefGroup = 4DDD39F520CCA7580031A048 /* Products */;
			projectDirPath = "";
			projectRoot = "";
			targets = (
				4DDD39F320CCA7580031A048 /* GPXParserPodTest */,
				4DDD3A0A20CCA7590031A048 /* GPXParserPodTestTests */,
			);
		};
/* End PBXProject section */

/* Begin PBXResourcesBuildPhase section */
		4DDD39F220CCA7580031A048 /* Resources */ = {
			isa = PBXResourcesBuildPhase;
			buildActionMask = 2147483647;
			files = (
				4DDD3A0520CCA7590031A048 /* LaunchScreen.storyboard in Resources */,
				4DDD3A0220CCA7590031A048 /* Assets.xcassets in Resources */,
				4D50A64420D1B71B0099505C /* Oregon Outback.GPX in Resources */,
				4DDD39FD20CCA7580031A048 /* Main.storyboard in Resources */,
			);
			runOnlyForDeploymentPostprocessing = 0;
		};
		4DDD3A0920CCA7590031A048 /* Resources */ = {
			isa = PBXResourcesBuildPhase;
			buildActionMask = 2147483647;
			files = (
			);
			runOnlyForDeploymentPostprocessing = 0;
		};
/* End PBXResourcesBuildPhase section */

/* Begin PBXShellScriptBuildPhase section */
		1B5AC75BA2E01579B24A56E6 /* [CP] Check Pods Manifest.lock */ = {
			isa = PBXShellScriptBuildPhase;
			buildActionMask = 2147483647;
			files = (
			);
			inputPaths = (
				"${PODS_PODFILE_DIR_PATH}/Podfile.lock",
				"${PODS_ROOT}/Manifest.lock",
			);
			name = "[CP] Check Pods Manifest.lock";
			outputPaths = (
				"$(DERIVED_FILE_DIR)/Pods-GPXParserPodTest-checkManifestLockResult.txt",
			);
			runOnlyForDeploymentPostprocessing = 0;
			shellPath = /bin/sh;
			shellScript = "diff \"${PODS_PODFILE_DIR_PATH}/Podfile.lock\" \"${PODS_ROOT}/Manifest.lock\" > /dev/null\nif [ $? != 0 ] ; then\n    # print error to STDERR\n    echo \"error: The sandbox is not in sync with the Podfile.lock. Run 'pod install' or update your CocoaPods installation.\" >&2\n    exit 1\nfi\n# This output is used by Xcode 'outputs' to avoid re-running this script phase.\necho \"SUCCESS\" > \"${SCRIPT_OUTPUT_FILE_0}\"\n";
			showEnvVarsInLog = 0;
		};
		2BEC3560D70624502CBC10BF /* [CP] Embed Pods Frameworks */ = {
			isa = PBXShellScriptBuildPhase;
			buildActionMask = 2147483647;
			files = (
			);
			inputPaths = (
				"${SRCROOT}/Pods/Target Support Files/Pods-GPXParserPodTest/Pods-GPXParserPodTest-frameworks.sh",
				"${PODS_ROOT}/GPXXMLParser/GPXXMLParser.framework",
			);
			name = "[CP] Embed Pods Frameworks";
			outputPaths = (
				"${TARGET_BUILD_DIR}/${FRAMEWORKS_FOLDER_PATH}/GPXXMLParser.framework",
			);
			runOnlyForDeploymentPostprocessing = 0;
			shellPath = /bin/sh;
			shellScript = "\"${SRCROOT}/Pods/Target Support Files/Pods-GPXParserPodTest/Pods-GPXParserPodTest-frameworks.sh\"\n";
			showEnvVarsInLog = 0;
		};
/* End PBXShellScriptBuildPhase section */

/* Begin PBXSourcesBuildPhase section */
		4DDD39F020CCA7580031A048 /* Sources */ = {
			isa = PBXSourcesBuildPhase;
			buildActionMask = 2147483647;
			files = (
				4DDD39FA20CCA7580031A048 /* ViewController.swift in Sources */,
				4DDD39F820CCA7580031A048 /* AppDelegate.swift in Sources */,
				4DDD3A0020CCA7580031A048 /* GPXParserPodTest.xcdatamodeld in Sources */,
			);
			runOnlyForDeploymentPostprocessing = 0;
		};
		4DDD3A0720CCA7590031A048 /* Sources */ = {
			isa = PBXSourcesBuildPhase;
			buildActionMask = 2147483647;
			files = (
				4DDD3A1020CCA7590031A048 /* GPXParserPodTestTests.swift in Sources */,
			);
			runOnlyForDeploymentPostprocessing = 0;
		};
/* End PBXSourcesBuildPhase section */

/* Begin PBXTargetDependency section */
		4DDD3A0D20CCA7590031A048 /* PBXTargetDependency */ = {
			isa = PBXTargetDependency;
			target = 4DDD39F320CCA7580031A048 /* GPXParserPodTest */;
			targetProxy = 4DDD3A0C20CCA7590031A048 /* PBXContainerItemProxy */;
		};
/* End PBXTargetDependency section */

/* Begin PBXVariantGroup section */
		4DDD39FB20CCA7580031A048 /* Main.storyboard */ = {
			isa = PBXVariantGroup;
			children = (
				4DDD39FC20CCA7580031A048 /* Base */,
			);
			name = Main.storyboard;
			sourceTree = "<group>";
		};
		4DDD3A0320CCA7590031A048 /* LaunchScreen.storyboard */ = {
			isa = PBXVariantGroup;
			children = (
				4DDD3A0420CCA7590031A048 /* Base */,
			);
			name = LaunchScreen.storyboard;
			sourceTree = "<group>";
		};
/* End PBXVariantGroup section */

/* Begin XCBuildConfiguration section */
		4DDD3A1220CCA7590031A048 /* Debug */ = {
			isa = XCBuildConfiguration;
			buildSettings = {
				ALWAYS_SEARCH_USER_PATHS = NO;
				CLANG_ANALYZER_NONNULL = YES;
				CLANG_ANALYZER_NUMBER_OBJECT_CONVERSION = YES_AGGRESSIVE;
				CLANG_CXX_LANGUAGE_STANDARD = "gnu++14";
				CLANG_CXX_LIBRARY = "libc++";
				CLANG_ENABLE_MODULES = YES;
				CLANG_ENABLE_OBJC_ARC = YES;
				CLANG_ENABLE_OBJC_WEAK = YES;
				CLANG_WARN_BLOCK_CAPTURE_AUTORELEASING = YES;
				CLANG_WARN_BOOL_CONVERSION = YES;
				CLANG_WARN_COMMA = YES;
				CLANG_WARN_CONSTANT_CONVERSION = YES;
				CLANG_WARN_DEPRECATED_OBJC_IMPLEMENTATIONS = YES;
				CLANG_WARN_DIRECT_OBJC_ISA_USAGE = YES_ERROR;
				CLANG_WARN_DOCUMENTATION_COMMENTS = YES;
				CLANG_WARN_EMPTY_BODY = YES;
				CLANG_WARN_ENUM_CONVERSION = YES;
				CLANG_WARN_INFINITE_RECURSION = YES;
				CLANG_WARN_INT_CONVERSION = YES;
				CLANG_WARN_NON_LITERAL_NULL_CONVERSION = YES;
				CLANG_WARN_OBJC_IMPLICIT_RETAIN_SELF = YES;
				CLANG_WARN_OBJC_LITERAL_CONVERSION = YES;
				CLANG_WARN_OBJC_ROOT_CLASS = YES_ERROR;
				CLANG_WARN_RANGE_LOOP_ANALYSIS = YES;
				CLANG_WARN_STRICT_PROTOTYPES = YES;
				CLANG_WARN_SUSPICIOUS_MOVE = YES;
				CLANG_WARN_UNGUARDED_AVAILABILITY = YES_AGGRESSIVE;
				CLANG_WARN_UNREACHABLE_CODE = YES;
				CLANG_WARN__DUPLICATE_METHOD_MATCH = YES;
				CODE_SIGN_IDENTITY = "iPhone Developer";
				COPY_PHASE_STRIP = NO;
				DEBUG_INFORMATION_FORMAT = dwarf;
				ENABLE_STRICT_OBJC_MSGSEND = YES;
				ENABLE_TESTABILITY = YES;
				GCC_C_LANGUAGE_STANDARD = gnu11;
				GCC_DYNAMIC_NO_PIC = NO;
				GCC_NO_COMMON_BLOCKS = YES;
				GCC_OPTIMIZATION_LEVEL = 0;
				GCC_PREPROCESSOR_DEFINITIONS = (
					"DEBUG=1",
					"$(inherited)",
				);
				GCC_WARN_64_TO_32_BIT_CONVERSION = YES;
				GCC_WARN_ABOUT_RETURN_TYPE = YES_ERROR;
				GCC_WARN_UNDECLARED_SELECTOR = YES;
				GCC_WARN_UNINITIALIZED_AUTOS = YES_AGGRESSIVE;
				GCC_WARN_UNUSED_FUNCTION = YES;
				GCC_WARN_UNUSED_VARIABLE = YES;
				IPHONEOS_DEPLOYMENT_TARGET = 11.4;
				MTL_ENABLE_DEBUG_INFO = YES;
				ONLY_ACTIVE_ARCH = YES;
				SDKROOT = iphoneos;
				SWIFT_ACTIVE_COMPILATION_CONDITIONS = DEBUG;
				SWIFT_OPTIMIZATION_LEVEL = "-Onone";
			};
			name = Debug;
		};
		4DDD3A1320CCA7590031A048 /* Release */ = {
			isa = XCBuildConfiguration;
			buildSettings = {
				ALWAYS_SEARCH_USER_PATHS = NO;
				CLANG_ANALYZER_NONNULL = YES;
				CLANG_ANALYZER_NUMBER_OBJECT_CONVERSION = YES_AGGRESSIVE;
				CLANG_CXX_LANGUAGE_STANDARD = "gnu++14";
				CLANG_CXX_LIBRARY = "libc++";
				CLANG_ENABLE_MODULES = YES;
				CLANG_ENABLE_OBJC_ARC = YES;
				CLANG_ENABLE_OBJC_WEAK = YES;
				CLANG_WARN_BLOCK_CAPTURE_AUTORELEASING = YES;
				CLANG_WARN_BOOL_CONVERSION = YES;
				CLANG_WARN_COMMA = YES;
				CLANG_WARN_CONSTANT_CONVERSION = YES;
				CLANG_WARN_DEPRECATED_OBJC_IMPLEMENTATIONS = YES;
				CLANG_WARN_DIRECT_OBJC_ISA_USAGE = YES_ERROR;
				CLANG_WARN_DOCUMENTATION_COMMENTS = YES;
				CLANG_WARN_EMPTY_BODY = YES;
				CLANG_WARN_ENUM_CONVERSION = YES;
				CLANG_WARN_INFINITE_RECURSION = YES;
				CLANG_WARN_INT_CONVERSION = YES;
				CLANG_WARN_NON_LITERAL_NULL_CONVERSION = YES;
				CLANG_WARN_OBJC_IMPLICIT_RETAIN_SELF = YES;
				CLANG_WARN_OBJC_LITERAL_CONVERSION = YES;
				CLANG_WARN_OBJC_ROOT_CLASS = YES_ERROR;
				CLANG_WARN_RANGE_LOOP_ANALYSIS = YES;
				CLANG_WARN_STRICT_PROTOTYPES = YES;
				CLANG_WARN_SUSPICIOUS_MOVE = YES;
				CLANG_WARN_UNGUARDED_AVAILABILITY = YES_AGGRESSIVE;
				CLANG_WARN_UNREACHABLE_CODE = YES;
				CLANG_WARN__DUPLICATE_METHOD_MATCH = YES;
				CODE_SIGN_IDENTITY = "iPhone Developer";
				COPY_PHASE_STRIP = NO;
				DEBUG_INFORMATION_FORMAT = "dwarf-with-dsym";
				ENABLE_NS_ASSERTIONS = NO;
				ENABLE_STRICT_OBJC_MSGSEND = YES;
				GCC_C_LANGUAGE_STANDARD = gnu11;
				GCC_NO_COMMON_BLOCKS = YES;
				GCC_WARN_64_TO_32_BIT_CONVERSION = YES;
				GCC_WARN_ABOUT_RETURN_TYPE = YES_ERROR;
				GCC_WARN_UNDECLARED_SELECTOR = YES;
				GCC_WARN_UNINITIALIZED_AUTOS = YES_AGGRESSIVE;
				GCC_WARN_UNUSED_FUNCTION = YES;
				GCC_WARN_UNUSED_VARIABLE = YES;
				IPHONEOS_DEPLOYMENT_TARGET = 11.4;
				MTL_ENABLE_DEBUG_INFO = NO;
				SDKROOT = iphoneos;
				SWIFT_COMPILATION_MODE = wholemodule;
				SWIFT_OPTIMIZATION_LEVEL = "-O";
				VALIDATE_PRODUCT = YES;
			};
			name = Release;
		};
		4DDD3A1520CCA7590031A048 /* Debug */ = {
			isa = XCBuildConfiguration;
			baseConfigurationReference = A0A20C6F01130AC685A2DE4E /* Pods-GPXParserPodTest.debug.xcconfig */;
			buildSettings = {
				ASSETCATALOG_COMPILER_APPICON_NAME = AppIcon;
				CODE_SIGN_IDENTITY = "iPhone Developer";
				CODE_SIGN_STYLE = Automatic;
				DEVELOPMENT_TEAM = "";
				INFOPLIST_FILE = GPXParserPodTest/Info.plist;
				LD_RUNPATH_SEARCH_PATHS = (
					"$(inherited)",
					"@executable_path/Frameworks",
				);
				PRODUCT_BUNDLE_IDENTIFIER = com.inukshuk.GPXParserPodTest;
				PRODUCT_NAME = "$(TARGET_NAME)";
				PROVISIONING_PROFILE_SPECIFIER = "";
				SWIFT_VERSION = 4.0;
				TARGETED_DEVICE_FAMILY = "1,2";
			};
			name = Debug;
		};
		4DDD3A1620CCA7590031A048 /* Release */ = {
			isa = XCBuildConfiguration;
			baseConfigurationReference = E431BFBA20E3A856FA08F550 /* Pods-GPXParserPodTest.release.xcconfig */;
			buildSettings = {
				ASSETCATALOG_COMPILER_APPICON_NAME = AppIcon;
				CODE_SIGN_IDENTITY = "iPhone Developer";
				CODE_SIGN_STYLE = Automatic;
				DEVELOPMENT_TEAM = "";
				INFOPLIST_FILE = GPXParserPodTest/Info.plist;
				LD_RUNPATH_SEARCH_PATHS = (
					"$(inherited)",
					"@executable_path/Frameworks",
				);
				PRODUCT_BUNDLE_IDENTIFIER = com.inukshuk.GPXParserPodTest;
				PRODUCT_NAME = "$(TARGET_NAME)";
				PROVISIONING_PROFILE_SPECIFIER = "";
				SWIFT_VERSION = 4.0;
				TARGETED_DEVICE_FAMILY = "1,2";
			};
			name = Release;
		};
		4DDD3A1820CCA7590031A048 /* Debug */ = {
			isa = XCBuildConfiguration;
			buildSettings = {
				ALWAYS_EMBED_SWIFT_STANDARD_LIBRARIES = YES;
				BUNDLE_LOADER = "$(TEST_HOST)";
				CODE_SIGN_STYLE = Automatic;
				INFOPLIST_FILE = GPXParserPodTestTests/Info.plist;
				LD_RUNPATH_SEARCH_PATHS = (
					"$(inherited)",
					"@executable_path/Frameworks",
					"@loader_path/Frameworks",
				);
				PRODUCT_BUNDLE_IDENTIFIER = com.inukshuk.GPXParserPodTestTests;
				PRODUCT_NAME = "$(TARGET_NAME)";
				SWIFT_VERSION = 4.0;
				TARGETED_DEVICE_FAMILY = "1,2";
				TEST_HOST = "$(BUILT_PRODUCTS_DIR)/GPXParserPodTest.app/GPXParserPodTest";
			};
			name = Debug;
		};
		4DDD3A1920CCA7590031A048 /* Release */ = {
			isa = XCBuildConfiguration;
			buildSettings = {
				ALWAYS_EMBED_SWIFT_STANDARD_LIBRARIES = YES;
				BUNDLE_LOADER = "$(TEST_HOST)";
				CODE_SIGN_STYLE = Automatic;
				INFOPLIST_FILE = GPXParserPodTestTests/Info.plist;
				LD_RUNPATH_SEARCH_PATHS = (
					"$(inherited)",
					"@executable_path/Frameworks",
					"@loader_path/Frameworks",
				);
				PRODUCT_BUNDLE_IDENTIFIER = com.inukshuk.GPXParserPodTestTests;
				PRODUCT_NAME = "$(TARGET_NAME)";
				SWIFT_VERSION = 4.0;
				TARGETED_DEVICE_FAMILY = "1,2";
				TEST_HOST = "$(BUILT_PRODUCTS_DIR)/GPXParserPodTest.app/GPXParserPodTest";
			};
			name = Release;
		};
/* End XCBuildConfiguration section */

/* Begin XCConfigurationList section */
		4DDD39EF20CCA7580031A048 /* Build configuration list for PBXProject "GPXParserPodTest" */ = {
			isa = XCConfigurationList;
			buildConfigurations = (
				4DDD3A1220CCA7590031A048 /* Debug */,
				4DDD3A1320CCA7590031A048 /* Release */,
			);
			defaultConfigurationIsVisible = 0;
			defaultConfigurationName = Release;
		};
		4DDD3A1420CCA7590031A048 /* Build configuration list for PBXNativeTarget "GPXParserPodTest" */ = {
			isa = XCConfigurationList;
			buildConfigurations = (
				4DDD3A1520CCA7590031A048 /* Debug */,
				4DDD3A1620CCA7590031A048 /* Release */,
			);
			defaultConfigurationIsVisible = 0;
			defaultConfigurationName = Release;
		};
		4DDD3A1720CCA7590031A048 /* Build configuration list for PBXNativeTarget "GPXParserPodTestTests" */ = {
			isa = XCConfigurationList;
			buildConfigurations = (
				4DDD3A1820CCA7590031A048 /* Debug */,
				4DDD3A1920CCA7590031A048 /* Release */,
			);
			defaultConfigurationIsVisible = 0;
			defaultConfigurationName = Release;
		};
/* End XCConfigurationList section */

/* Begin XCVersionGroup section */
		4DDD39FE20CCA7580031A048 /* GPXParserPodTest.xcdatamodeld */ = {
			isa = XCVersionGroup;
			children = (
				4DDD39FF20CCA7580031A048 /* GPXParserPodTest.xcdatamodel */,
			);
			currentVersion = 4DDD39FF20CCA7580031A048 /* GPXParserPodTest.xcdatamodel */;
			path = GPXParserPodTest.xcdatamodeld;
			sourceTree = "<group>";
			versionGroupType = wrapper.xcdatamodel;
		};
/* End XCVersionGroup section */
	};
	rootObject = 4DDD39EC20CCA7580031A048 /* Project object */;
}
